
Microsoft Visual Studio Solution File, Format Version 12.00
# Visual Studio Version 17
VisualStudioVersion = 17.9.34607.119
MinimumVisualStudioVersion = 10.0.40219.1
Project("{FAE04EC0-301F-11D3-BF4B-00C04F79EFBC}") = "StudentMongo", "StudentMongo.csproj", "{E0FCA3FD-BED4-4C70-83DF-022097DAB424}"
EndProject
Global
	GlobalSection(SolutionConfigurationPlatforms) = preSolution
		Debug|Any CPU = Debug|Any CPU
		Release|Any CPU = Release|Any CPU
	EndGlobalSection
	GlobalSection(ProjectConfigurationPlatforms) = postSolution
		{E0FCA3FD-BED4-4C70-83DF-022097DAB424}.Debug|Any CPU.ActiveCfg = Debug|Any CPU
		{E0FCA3FD-BED4-4C70-83DF-022097DAB424}.Debug|Any CPU.Build.0 = Debug|Any CPU
		{E0FCA3FD-BED4-4C70-83DF-022097DAB424}.Release|Any CPU.ActiveCfg = Release|Any CPU
		{E0FCA3FD-BED4-4C70-83DF-022097DAB424}.Release|Any CPU.Build.0 = Release|Any CPU
	EndGlobalSection
	GlobalSection(SolutionProperties) = preSolution
		HideSolutionNode = FALSE
	EndGlobalSection
	GlobalSection(ExtensibilityGlobals) = postSolution
		SolutionGuid = {A534A509-7C21-41ED-BEF7-4D7330A03B1B}
	EndGlobalSection
EndGlobal
